// !$*UTF8*$!
{
	archiveVersion = 1;
	classes = {
	};
	objectVersion = 46;
	objects = {

/* Begin PBXBuildFile section */
		B5596C0F1DA0CEC000B06B1E /* getprime in CopyFiles */ = {isa = PBXBuildFile; fileRef = B5E59CF01DA0CBDD00F859CF /* getprime */; };
		B5A24EC01DA0C5E3005D9979 /* primesd.c in Sources */ = {isa = PBXBuildFile; fileRef = B5A24EB31DA0C547005D9979 /* primesd.c */; };
		B5E59CEB1DA0CB5B00F859CF /* primesd in CopyFiles */ = {isa = PBXBuildFile; fileRef = B5E59CEA1DA0CB4400F859CF /* primesd */; };
		B5E59CF71DA0CC0100F859CF /* getprime.c in Sources */ = {isa = PBXBuildFile; fileRef = B5A24EB01DA0C522005D9979 /* getprime.c */; };
/* End PBXBuildFile section */

/* Begin PBXCopyFilesBuildPhase section */
		B5A24EB71DA0C5D7005D9979 /* CopyFiles */ = {
			isa = PBXCopyFilesBuildPhase;
			buildActionMask = 12;
			dstPath = /Users/ben/Desktop;
			dstSubfolderSpec = 0;
			files = (
				B5E59CEB1DA0CB5B00F859CF /* primesd in CopyFiles */,
			);
			runOnlyForDeploymentPostprocessing = 0;
		};
		B5E59CEE1DA0CBDD00F859CF /* CopyFiles */ = {
			isa = PBXCopyFilesBuildPhase;
			buildActionMask = 12;
			dstPath = /Users/ben/Desktop;
			dstSubfolderSpec = 0;
			files = (
				B5596C0F1DA0CEC000B06B1E /* getprime in CopyFiles */,
			);
			runOnlyForDeploymentPostprocessing = 0;
		};
/* End PBXCopyFilesBuildPhase section */

/* Begin PBXFileReference section */
		B5A24EB01DA0C522005D9979 /* getprime.c */ = {isa = PBXFileReference; fileEncoding = 4; lastKnownFileType = sourcecode.c.c; path = getprime.c; sourceTree = "<group>"; };
		B5A24EB21DA0C53C005D9979 /* primes.h */ = {isa = PBXFileReference; fileEncoding = 4; lastKnownFileType = sourcecode.c.h; path = primes.h; sourceTree = "<group>"; };
		B5A24EB31DA0C547005D9979 /* primesd.c */ = {isa = PBXFileReference; fileEncoding = 4; lastKnownFileType = sourcecode.c.c; path = primesd.c; sourceTree = "<group>"; };
		B5E59CEA1DA0CB4400F859CF /* primesd */ = {isa = PBXFileReference; explicitFileType = "compiled.mach-o.executable"; includeInIndex = 0; path = primesd; sourceTree = BUILT_PRODUCTS_DIR; };
		B5E59CF01DA0CBDD00F859CF /* getprime */ = {isa = PBXFileReference; explicitFileType = "compiled.mach-o.executable"; includeInIndex = 0; path = getprime; sourceTree = BUILT_PRODUCTS_DIR; };
/* End PBXFileReference section */

/* Begin PBXFrameworksBuildPhase section */
		B5A24EB61DA0C5D7005D9979 /* Frameworks */ = {
			isa = PBXFrameworksBuildPhase;
			buildActionMask = 2147483647;
			files = (
			);
			runOnlyForDeploymentPostprocessing = 0;
		};
		B5E59CED1DA0CBDD00F859CF /* Frameworks */ = {
			isa = PBXFrameworksBuildPhase;
			buildActionMask = 2147483647;
			files = (
			);
			runOnlyForDeploymentPostprocessing = 0;
		};
/* End PBXFrameworksBuildPhase section */

/* Begin PBXGroup section */
		B528C3891D7C8CCD0045EECB = {
			isa = PBXGroup;
			children = (
				B528C3941D7C8CCD0045EECB /* primes */,
				B5E59CEA1DA0CB4400F859CF /* primesd */,
				B5E59CF01DA0CBDD00F859CF /* getprime */,
			);
			sourceTree = "<group>";
		};
		B528C3941D7C8CCD0045EECB /* primes */ = {
			isa = PBXGroup;
			children = (
				B5A24EB31DA0C547005D9979 /* primesd.c */,
				B5A24EB21DA0C53C005D9979 /* primes.h */,
				B5A24EB01DA0C522005D9979 /* getprime.c */,
			);
			path = primes;
			sourceTree = "<group>";
		};
/* End PBXGroup section */

/* Begin PBXNativeTarget section */
		B5A24EB81DA0C5D7005D9979 /* primesd */ = {
			isa = PBXNativeTarget;
			buildConfigurationList = B5A24EBD1DA0C5D7005D9979 /* Build configuration list for PBXNativeTarget "primesd" */;
			buildPhases = (
				B5A24EB51DA0C5D7005D9979 /* Sources */,
				B5A24EB61DA0C5D7005D9979 /* Frameworks */,
				B5A24EB71DA0C5D7005D9979 /* CopyFiles */,
			);
			buildRules = (
			);
			dependencies = (
			);
			name = primesd;
			productName = primesd;
			productReference = B5E59CEA1DA0CB4400F859CF /* primesd */;
			productType = "com.apple.product-type.tool";
		};
		B5E59CEF1DA0CBDD00F859CF /* getprime */ = {
			isa = PBXNativeTarget;
			buildConfigurationList = B5E59CF41DA0CBDD00F859CF /* Build configuration list for PBXNativeTarget "getprime" */;
			buildPhases = (
				B5E59CEC1DA0CBDD00F859CF /* Sources */,
				B5E59CED1DA0CBDD00F859CF /* Frameworks */,
				B5E59CEE1DA0CBDD00F859CF /* CopyFiles */,
			);
			buildRules = (
			);
			dependencies = (
			);
			name = getprime;
			productName = getprime;
			productReference = B5E59CF01DA0CBDD00F859CF /* getprime */;
			productType = "com.apple.product-type.tool";
		};
/* End PBXNativeTarget section */

/* Begin PBXProject section */
		B528C38A1D7C8CCD0045EECB /* Project object */ = {
			isa = PBXProject;
			attributes = {
				LastUpgradeCheck = 0800;
				ORGANIZATIONNAME = "Green Tea Digital";
				TargetAttributes = {
					B5A24EB81DA0C5D7005D9979 = {
						CreatedOnToolsVersion = 8.0;
						DevelopmentTeam = Y25LDEPBWB;
						ProvisioningStyle = Automatic;
					};
					B5E59CEF1DA0CBDD00F859CF = {
						CreatedOnToolsVersion = 8.0;
						DevelopmentTeam = Y25LDEPBWB;
						ProvisioningStyle = Automatic;
					};
				};
			};
			buildConfigurationList = B528C38D1D7C8CCD0045EECB /* Build configuration list for PBXProject "primes" */;
			compatibilityVersion = "Xcode 3.2";
			developmentRegion = English;
			hasScannedForEncodings = 0;
			knownRegions = (
				en,
			);
			mainGroup = B528C3891D7C8CCD0045EECB;
			productRefGroup = B528C3891D7C8CCD0045EECB;
			projectDirPath = "";
			projectRoot = "";
			targets = (
				B5A24EB81DA0C5D7005D9979 /* primesd */,
				B5E59CEF1DA0CBDD00F859CF /* getprime */,
			);
		};
/* End PBXProject section */

/* Begin PBXSourcesBuildPhase section */
		B5A24EB51DA0C5D7005D9979 /* Sources */ = {
			isa = PBXSourcesBuildPhase;
			buildActionMask = 2147483647;
			files = (
				B5A24EC01DA0C5E3005D9979 /* primesd.c in Sources */,
			);
			runOnlyForDeploymentPostprocessing = 0;
		};
		B5E59CEC1DA0CBDD00F859CF /* Sources */ = {
			isa = PBXSourcesBuildPhase;
			buildActionMask = 2147483647;
			files = (
				B5E59CF71DA0CC0100F859CF /* getprime.c in Sources */,
			);
			runOnlyForDeploymentPostprocessing = 0;
		};
/* End PBXSourcesBuildPhase section */

/* Begin XCBuildConfiguration section */
		B528C3971D7C8CCD0045EECB /* Debug */ = {
			isa = XCBuildConfiguration;
			buildSettings = {
				ALWAYS_SEARCH_USER_PATHS = NO;
				CLANG_ANALYZER_NONNULL = YES;
				CLANG_CXX_LANGUAGE_STANDARD = "gnu++0x";
				CLANG_CXX_LIBRARY = "libc++";
				CLANG_ENABLE_MODULES = YES;
				CLANG_ENABLE_OBJC_ARC = YES;
				CLANG_WARN_BOOL_CONVERSION = YES;
				CLANG_WARN_CONSTANT_CONVERSION = YES;
				CLANG_WARN_DIRECT_OBJC_ISA_USAGE = YES_ERROR;
				CLANG_WARN_EMPTY_BODY = YES;
				CLANG_WARN_ENUM_CONVERSION = YES;
				CLANG_WARN_INFINITE_RECURSION = YES;
				CLANG_WARN_INT_CONVERSION = YES;
				CLANG_WARN_OBJC_ROOT_CLASS = YES_ERROR;
				CLANG_WARN_SUSPICIOUS_MOVE = YES;
				CLANG_WARN_UNREACHABLE_CODE = YES;
				CLANG_WARN__DUPLICATE_METHOD_MATCH = YES;
				CODE_SIGN_IDENTITY = "-";
				COPY_PHASE_STRIP = NO;
				DEBUG_INFORMATION_FORMAT = dwarf;
				ENABLE_STRICT_OBJC_MSGSEND = YES;
				ENABLE_TESTABILITY = YES;
				GCC_C_LANGUAGE_STANDARD = gnu99;
				GCC_DYNAMIC_NO_PIC = NO;
				GCC_NO_COMMON_BLOCKS = YES;
				GCC_OPTIMIZATION_LEVEL = 0;
				GCC_PREPROCESSOR_DEFINITIONS = (
					"DEBUG=1",
					"$(inherited)",
				);
				GCC_WARN_64_TO_32_BIT_CONVERSION = YES;
				GCC_WARN_ABOUT_RETURN_TYPE = YES_ERROR;
				GCC_WARN_UNDECLARED_SELECTOR = YES;
				GCC_WARN_UNINITIALIZED_AUTOS = YES_AGGRESSIVE;
				GCC_WARN_UNUSED_FUNCTION = YES;
				GCC_WARN_UNUSED_VARIABLE = YES;
				HEADER_SEARCH_PATHS = /usr/local/include;
				LIBRARY_SEARCH_PATHS = /usr/local/lib;
				MACOSX_DEPLOYMENT_TARGET = 10.11;
				MTL_ENABLE_DEBUG_INFO = YES;
				ONLY_ACTIVE_ARCH = YES;
				OTHER_LDFLAGS = "-lgmp";
				SDKROOT = macosx;
			};
			name = Debug;
		};
		B528C3981D7C8CCD0045EECB /* Release */ = {
			isa = XCBuildConfiguration;
			buildSettings = {
				ALWAYS_SEARCH_USER_PATHS = NO;
				CLANG_ANALYZER_NONNULL = YES;
				CLANG_CXX_LANGUAGE_STANDARD = "gnu++0x";
				CLANG_CXX_LIBRARY = "libc++";
				CLANG_ENABLE_MODULES = YES;
				CLANG_ENABLE_OBJC_ARC = YES;
				CLANG_WARN_BOOL_CONVERSION = YES;
				CLANG_WARN_CONSTANT_CONVERSION = YES;
				CLANG_WARN_DIRECT_OBJC_ISA_USAGE = YES_ERROR;
				CLANG_WARN_EMPTY_BODY = YES;
				CLANG_WARN_ENUM_CONVERSION = YES;
				CLANG_WARN_INFINITE_RECURSION = YES;
				CLANG_WARN_INT_CONVERSION = YES;
				CLANG_WARN_OBJC_ROOT_CLASS = YES_ERROR;
				CLANG_WARN_SUSPICIOUS_MOVE = YES;
				CLANG_WARN_UNREACHABLE_CODE = YES;
				CLANG_WARN__DUPLICATE_METHOD_MATCH = YES;
				CODE_SIGN_IDENTITY = "-";
				COPY_PHASE_STRIP = NO;
				DEBUG_INFORMATION_FORMAT = "dwarf-with-dsym";
				ENABLE_NS_ASSERTIONS = NO;
				ENABLE_STRICT_OBJC_MSGSEND = YES;
				GCC_C_LANGUAGE_STANDARD = gnu99;
				GCC_NO_COMMON_BLOCKS = YES;
				GCC_WARN_64_TO_32_BIT_CONVERSION = YES;
				GCC_WARN_ABOUT_RETURN_TYPE = YES_ERROR;
				GCC_WARN_UNDECLARED_SELECTOR = YES;
				GCC_WARN_UNINITIALIZED_AUTOS = YES_AGGRESSIVE;
				GCC_WARN_UNUSED_FUNCTION = YES;
				GCC_WARN_UNUSED_VARIABLE = YES;
				HEADER_SEARCH_PATHS = /usr/local/include;
				LIBRARY_SEARCH_PATHS = /usr/local/lib;
				MACOSX_DEPLOYMENT_TARGET = 10.11;
				MTL_ENABLE_DEBUG_INFO = NO;
				OTHER_LDFLAGS = "-lgmp";
				SDKROOT = macosx;
			};
			name = Release;
		};
		B5A24EBE1DA0C5D7005D9979 /* Debug */ = {
			isa = XCBuildConfiguration;
			buildSettings = {
				CLANG_WARN_DOCUMENTATION_COMMENTS = YES;
				CLANG_WARN_INFINITE_RECURSION = YES;
				CLANG_WARN_SUSPICIOUS_MOVES = YES;
				DEVELOPMENT_TEAM = Y25LDEPBWB;
				PRODUCT_NAME = "$(TARGET_NAME)";
			};
			name = Debug;
		};
		B5A24EBF1DA0C5D7005D9979 /* Release */ = {
			isa = XCBuildConfiguration;
			buildSettings = {
				CLANG_WARN_DOCUMENTATION_COMMENTS = YES;
				CLANG_WARN_INFINITE_RECURSION = YES;
				CLANG_WARN_SUSPICIOUS_MOVES = YES;
				DEVELOPMENT_TEAM = Y25LDEPBWB;
				PRODUCT_NAME = "$(TARGET_NAME)";
			};
			name = Release;
		};
		B5E59CF51DA0CBDD00F859CF /* Debug */ = {
			isa = XCBuildConfiguration;
			buildSettings = {
				CLANG_WARN_DOCUMENTATION_COMMENTS = YES;
				CLANG_WARN_SUSPICIOUS_MOVES = YES;
				DEVELOPMENT_TEAM = Y25LDEPBWB;
				PRODUCT_NAME = "$(TARGET_NAME)";
			};
			name = Debug;
		};
		B5E59CF61DA0CBDD00F859CF /* Release */ = {
			isa = XCBuildConfiguration;
			buildSettings = {
				CLANG_WARN_DOCUMENTATION_COMMENTS = YES;
				CLANG_WARN_SUSPICIOUS_MOVES = YES;
				DEVELOPMENT_TEAM = Y25LDEPBWB;
				PRODUCT_NAME = "$(TARGET_NAME)";
			};
			name = Release;
		};
/* End XCBuildConfiguration section */

/* Begin XCConfigurationList section */
		B528C38D1D7C8CCD0045EECB /* Build configuration list for PBXProject "primes" */ = {
			isa = XCConfigurationList;
			buildConfigurations = (
				B528C3971D7C8CCD0045EECB /* Debug */,
				B528C3981D7C8CCD0045EECB /* Release */,
			);
			defaultConfigurationIsVisible = 0;
			defaultConfigurationName = Release;
		};
		B5A24EBD1DA0C5D7005D9979 /* Build configuration list for PBXNativeTarget "primesd" */ = {
			isa = XCConfigurationList;
			buildConfigurations = (
				B5A24EBE1DA0C5D7005D9979 /* Debug */,
				B5A24EBF1DA0C5D7005D9979 /* Release */,
			);
			defaultConfigurationIsVisible = 0;
			defaultConfigurationName = Release;
		};
		B5E59CF41DA0CBDD00F859CF /* Build configuration list for PBXNativeTarget "getprime" */ = {
			isa = XCConfigurationList;
			buildConfigurations = (
				B5E59CF51DA0CBDD00F859CF /* Debug */,
				B5E59CF61DA0CBDD00F859CF /* Release */,
			);
			defaultConfigurationIsVisible = 0;
			defaultConfigurationName = Release;
		};
/* End XCConfigurationList section */
	};
	rootObject = B528C38A1D7C8CCD0045EECB /* Project object */;
}
